
Microsoft Visual Studio Solution File, Format Version 12.00
# Visual Studio Version 16
VisualStudioVersion = 16.0.29806.167
MinimumVisualStudioVersion = 10.0.40219.1
Project("{8BC9CEB8-8B4A-11D0-8D11-00A0C91BC942}") = "zjazd1", "cpp2sem\cpp2sem.vcxproj", "{2169AC93-CB39-41B3-9F65-D1E480A1616D}"
EndProject
Project("{8BC9CEB8-8B4A-11D0-8D11-00A0C91BC942}") = "cw1", "cw1\cw1.vcxproj", "{A35075A6-394E-4A50-AF39-A7D32E9BDE01}"
EndProject
Project("{8BC9CEB8-8B4A-11D0-8D11-00A0C91BC942}") = "pom", "pom\pom.vcxproj", "{F47BAF45-1302-4320-A8E5-2A53A6844803}"
EndProject
Project("{8BC9CEB8-8B4A-11D0-8D11-00A0C91BC942}") = "cw2", "pliki\pliki.vcxproj", "{1E3E59EA-ED69-469F-B09B-FAA3160C5EAB}"
EndProject
Project("{8BC9CEB8-8B4A-11D0-8D11-00A0C91BC942}") = "cw3", "cw3\cw3.vcxproj", "{1710955C-FAD9-46F0-807A-8FE4F8B3F77F}"
EndProject
Project("{8BC9CEB8-8B4A-11D0-8D11-00A0C91BC942}") = "Zadanie1_janowski", "Zadanie1_janowski\Zadanie1_janowski.vcxproj", "{23E3602E-E6F5-4A85-82FC-2E57807E6243}"
EndProject
Global
	GlobalSection(SolutionConfigurationPlatforms) = preSolution
		Debug|x64 = Debug|x64
		Debug|x86 = Debug|x86
		Release|x64 = Release|x64
		Release|x86 = Release|x86
	EndGlobalSection
	GlobalSection(ProjectConfigurationPlatforms) = postSolution
		{2169AC93-CB39-41B3-9F65-D1E480A1616D}.Debug|x64.ActiveCfg = Debug|x64
		{2169AC93-CB39-41B3-9F65-D1E480A1616D}.Debug|x64.Build.0 = Debug|x64
		{2169AC93-CB39-41B3-9F65-D1E480A1616D}.Debug|x86.ActiveCfg = Debug|Win32
		{2169AC93-CB39-41B3-9F65-D1E480A1616D}.Debug|x86.Build.0 = Debug|Win32
		{2169AC93-CB39-41B3-9F65-D1E480A1616D}.Release|x64.ActiveCfg = Release|x64
		{2169AC93-CB39-41B3-9F65-D1E480A1616D}.Release|x64.Build.0 = Release|x64
		{2169AC93-CB39-41B3-9F65-D1E480A1616D}.Release|x86.ActiveCfg = Release|Win32
		{2169AC93-CB39-41B3-9F65-D1E480A1616D}.Release|x86.Build.0 = Release|Win32
		{A35075A6-394E-4A50-AF39-A7D32E9BDE01}.Debug|x64.ActiveCfg = Debug|x64
		{A35075A6-394E-4A50-AF39-A7D32E9BDE01}.Debug|x64.Build.0 = Debug|x64
		{A35075A6-394E-4A50-AF39-A7D32E9BDE01}.Debug|x86.ActiveCfg = Debug|Win32
		{A35075A6-394E-4A50-AF39-A7D32E9BDE01}.Debug|x86.Build.0 = Debug|Win32
		{A35075A6-394E-4A50-AF39-A7D32E9BDE01}.Release|x64.ActiveCfg = Release|x64
		{A35075A6-394E-4A50-AF39-A7D32E9BDE01}.Release|x64.Build.0 = Release|x64
		{A35075A6-394E-4A50-AF39-A7D32E9BDE01}.Release|x86.ActiveCfg = Release|Win32
		{A35075A6-394E-4A50-AF39-A7D32E9BDE01}.Release|x86.Build.0 = Release|Win32
		{F47BAF45-1302-4320-A8E5-2A53A6844803}.Debug|x64.ActiveCfg = Debug|x64
		{F47BAF45-1302-4320-A8E5-2A53A6844803}.Debug|x64.Build.0 = Debug|x64
		{F47BAF45-1302-4320-A8E5-2A53A6844803}.Debug|x86.ActiveCfg = Debug|Win32
		{F47BAF45-1302-4320-A8E5-2A53A6844803}.Debug|x86.Build.0 = Debug|Win32
		{F47BAF45-1302-4320-A8E5-2A53A6844803}.Release|x64.ActiveCfg = Release|x64
		{F47BAF45-1302-4320-A8E5-2A53A6844803}.Release|x64.Build.0 = Release|x64
		{F47BAF45-1302-4320-A8E5-2A53A6844803}.Release|x86.ActiveCfg = Release|Win32
		{F47BAF45-1302-4320-A8E5-2A53A6844803}.Release|x86.Build.0 = Release|Win32
		{1E3E59EA-ED69-469F-B09B-FAA3160C5EAB}.Debug|x64.ActiveCfg = Debug|x64
		{1E3E59EA-ED69-469F-B09B-FAA3160C5EAB}.Debug|x64.Build.0 = Debug|x64
		{1E3E59EA-ED69-469F-B09B-FAA3160C5EAB}.Debug|x86.ActiveCfg = Debug|Win32
		{1E3E59EA-ED69-469F-B09B-FAA3160C5EAB}.Debug|x86.Build.0 = Debug|Win32
		{1E3E59EA-ED69-469F-B09B-FAA3160C5EAB}.Release|x64.ActiveCfg = Release|x64
		{1E3E59EA-ED69-469F-B09B-FAA3160C5EAB}.Release|x64.Build.0 = Release|x64
		{1E3E59EA-ED69-469F-B09B-FAA3160C5EAB}.Release|x86.ActiveCfg = Release|Win32
		{1E3E59EA-ED69-469F-B09B-FAA3160C5EAB}.Release|x86.Build.0 = Release|Win32
		{1710955C-FAD9-46F0-807A-8FE4F8B3F77F}.Debug|x64.ActiveCfg = Debug|x64
		{1710955C-FAD9-46F0-807A-8FE4F8B3F77F}.Debug|x64.Build.0 = Debug|x64
		{1710955C-FAD9-46F0-807A-8FE4F8B3F77F}.Debug|x86.ActiveCfg = Debug|Win32
		{1710955C-FAD9-46F0-807A-8FE4F8B3F77F}.Debug|x86.Build.0 = Debug|Win32
		{1710955C-FAD9-46F0-807A-8FE4F8B3F77F}.Release|x64.ActiveCfg = Release|x64
		{1710955C-FAD9-46F0-807A-8FE4F8B3F77F}.Release|x64.Build.0 = Release|x64
		{1710955C-FAD9-46F0-807A-8FE4F8B3F77F}.Release|x86.ActiveCfg = Release|Win32
		{1710955C-FAD9-46F0-807A-8FE4F8B3F77F}.Release|x86.Build.0 = Release|Win32
		{23E3602E-E6F5-4A85-82FC-2E57807E6243}.Debug|x64.ActiveCfg = Debug|x64
		{23E3602E-E6F5-4A85-82FC-2E57807E6243}.Debug|x64.Build.0 = Debug|x64
		{23E3602E-E6F5-4A85-82FC-2E57807E6243}.Debug|x86.ActiveCfg = Debug|Win32
		{23E3602E-E6F5-4A85-82FC-2E57807E6243}.Debug|x86.Build.0 = Debug|Win32
		{23E3602E-E6F5-4A85-82FC-2E57807E6243}.Release|x64.ActiveCfg = Release|x64
		{23E3602E-E6F5-4A85-82FC-2E57807E6243}.Release|x64.Build.0 = Release|x64
		{23E3602E-E6F5-4A85-82FC-2E57807E6243}.Release|x86.ActiveCfg = Release|Win32
		{23E3602E-E6F5-4A85-82FC-2E57807E6243}.Release|x86.Build.0 = Release|Win32
	EndGlobalSection
	GlobalSection(SolutionProperties) = preSolution
		HideSolutionNode = FALSE
	EndGlobalSection
	GlobalSection(ExtensibilityGlobals) = postSolution
		SolutionGuid = {BEBA8F5C-F667-4007-A58C-F025A7960038}
	EndGlobalSection
EndGlobal
